
Microsoft Visual Studio Solution File, Format Version 12.00
# Visual Studio Version 17
VisualStudioVersion = 17.7.34221.43
MinimumVisualStudioVersion = 10.0.40219.1
Project("{FAE04EC0-301F-11D3-BF4B-00C04F79EFBC}") = "Logical_Program", "Logical_Program.csproj", "{5EF8EE7A-1ABA-49DF-9EED-04651961B2C6}"
EndProject
Global
	GlobalSection(SolutionConfigurationPlatforms) = preSolution
		Debug|Any CPU = Debug|Any CPU
		Release|Any CPU = Release|Any CPU
	EndGlobalSection
	GlobalSection(ProjectConfigurationPlatforms) = postSolution
		{5EF8EE7A-1ABA-49DF-9EED-04651961B2C6}.Debug|Any CPU.ActiveCfg = Debug|Any CPU
		{5EF8EE7A-1ABA-49DF-9EED-04651961B2C6}.Debug|Any CPU.Build.0 = Debug|Any CPU
		{5EF8EE7A-1ABA-49DF-9EED-04651961B2C6}.Release|Any CPU.ActiveCfg = Release|Any CPU
		{5EF8EE7A-1ABA-49DF-9EED-04651961B2C6}.Release|Any CPU.Build.0 = Release|Any CPU
	EndGlobalSection
	GlobalSection(SolutionProperties) = preSolution
		HideSolutionNode = FALSE
	EndGlobalSection
	GlobalSection(ExtensibilityGlobals) = postSolution
		SolutionGuid = {A12AEC04-D22B-4F4F-9E1E-AC0EE006290B}
	EndGlobalSection
EndGlobal
